{
  "name": "openclaw-x-langfuse-plugin",
  "version": "1.7.0",
  "lockfileVersion": 3,
  "requires": true,
  "packages": {
    "": {
      "name": "openclaw-x-langfuse-plugin",
      "version": "1.7.0",
      "license": "MIT",
      "dependencies": {
        "@langfuse/otel": "^5.11.0",
        "@langfuse/tracing": "^5.11.0",
        "@opentelemetry/api": "^1.9.1",
        "@opentelemetry/sdk-trace-node": "^2.11.0"
      }
    },
    "node_modules/@langfuse/core": {
      "version": "5.11.1",
      "resolved": "https://registry.npmjs.org/@langfuse/core/-/core-5.11.1.tgz",
      "integrity": "sha512-Oor1z4BlgI5RaUrRYYKf3ijyCAx0tiGCWsABzfm6ZDAgbaaFuiwvJVtXGohiq5evcnjGGE5h4Mf4ZjH1yd5vjw==",
      "license": "MIT",
      "peerDependencies": {
        "@opentelemetry/api": "^1.9.0"
      }
    },
    "node_modules/@langfuse/otel": {
      "version": "5.11.1",
      "resolved": "https://registry.npmjs.org/@langfuse/otel/-/otel-5.11.1.tgz",
      "integrity": "sha512-Urn2WMvOINh7tNCTrq7qvDvNuA1VkxnJstLAHZghDeo1TFGQE7Ok9GoWmyBEwl6uX3D04TL2vkX9Vr7XDORvxQ==",
      "license": "MIT",
      "dependencies": {
        "@langfuse/core": "^5.11.1"
      },
      "engines": {
        "node": ">=20"
      },
      "peerDependencies": {
        "@opentelemetry/api": "^1.9.0",
        "@opentelemetry/core": "^2.0.1",
        "@opentelemetry/exporter-trace-otlp-http": ">=0.202.0 <1.0.0",
        "@opentelemetry/sdk-trace-base": "^2.0.1"
      }
    },
    "node_modules/@langfuse/tracing": {
      "version": "5.11.1",
      "resolved": "https://registry.npmjs.org/@langfuse/tracing/-/tracing-5.11.1.tgz",
      "integrity": "sha512-5lT0VhKSI3P5z3jylAE7Qf+V6GJ6IT0TZhvAQdU5bP0oUx2kRoXcnpdxwqEr7NdKIzaAPiN9E08ehO9wk/8xTA==",
      "license": "MIT",
      "dependencies": {
        "@langfuse/core": "^5.11.1"
      },
      "engines": {
        "node": ">=20"
      },
      "peerDependencies": {
        "@opentelemetry/api": "^1.9.0"
      }
    },
    "node_modules/@opentelemetry/api": {
      "version": "1.9.1",
      "resolved": "https://registry.npmjs.org/@opentelemetry/api/-/api-1.9.1.tgz",
      "integrity": "sha512-gLyJlPHPZYdAk1JENA9LeHejZe1Ti77/pTeFm/nMXmQH/HFZlcS/O2XJB+L8fkbrNSqhdtlvjBVjxwUYanNH5Q==",
      "license": "Apache-2.0",
      "engines": {
        "node": ">=8.0.0"
      }
    },
    "node_modules/@opentelemetry/api-logs": {
      "version": "0.219.0",
      "resolved": "https://registry.npmjs.org/@opentelemetry/api-logs/-/api-logs-0.219.0.tgz",
      "integrity": "sha512-FFx7YnaYJlIjqWW/AG/yAZ0L/NEY724PipXXXQLdtZPbLwBGbUMTGL1i/esI56TWfTUXxhLfpgrnWJCG8aUJyg==",
      "license": "Apache-2.0",
      "peer": true,
      "dependencies": {
        "@opentelemetry/api": "^1.3.0"
      },
      "engines": {
        "node": ">=8.0.0"
      }
    },
    "node_modules/@opentelemetry/context-async-hooks": {
      "version": "2.11.0",
      "resolved": "https://registry.npmjs.org/@opentelemetry/context-async-hooks/-/context-async-hooks-2.11.0.tgz",
      "integrity": "sha512-Tr79DyWI8itsBdg+jH+opjfrwLzX+erk1/ExkIwhWoAVjVrJIn2y5+cGjTC0Vy8fyNIA/y8wuJPZwr1T3xCZeQ==",
      "license": "Apache-2.0",
      "engines": {
        "node": "^18.19.0 || >=20.6.0"
      },
      "peerDependencies": {
        "@opentelemetry/api": ">=1.0.0 <1.10.0"
      }
    },
    "node_modules/@opentelemetry/core": {
      "version": "2.8.0",
      "resolved": "https://registry.npmjs.org/@opentelemetry/core/-/core-2.8.0.tgz",
      "integrity": "sha512-hd1Lfh8p545nNz+jq1Ejfz+Mn1hyLuxYn1YzTfFNrxr8urEWMNQLPf1Th8kjOH+HxwawCrtgBp8JpBUR4ZSgww==",
      "license": "Apache-2.0",
      "peer": true,
      "dependencies": {
        "@opentelemetry/semantic-conventions": "^1.29.0"
      },
      "engines": {
        "node": "^18.19.0 || >=20.6.0"
      },
      "peerDependencies": {
        "@opentelemetry/api": ">=1.0.0 <1.10.0"
      }
    },
    "node_modules/@opentelemetry/exporter-trace-otlp-http": {
      "version": "0.219.0",
      "resolved": "https://registry.npmjs.org/@opentelemetry/exporter-trace-otlp-http/-/exporter-trace-otlp-http-0.219.0.tgz",
      "integrity": "sha512-9t6SvBXXBEjOBcIzgozvBbd3jWrv3Gt3ngGhl1fhdZ/zRc7oZDVOFEqbi2zlBpW9BXhgDMKv422J0DL/3iQWfw==",
      "license": "Apache-2.0",
      "peer": true,
      "dependencies": {
        "@opentelemetry/core": "2.8.0",
        "@opentelemetry/otlp-exporter-base": "0.219.0",
        "@opentelemetry/otlp-transformer": "0.219.0",
        "@opentelemetry/resources": "2.8.0",
        "@opentelemetry/sdk-trace-base": "2.8.0"
      },
      "engines": {
        "node": "^18.19.0 || >=20.6.0"
      },
      "peerDependencies": {
        "@opentelemetry/api": "^1.3.0"
      }
    },
    "node_modules/@opentelemetry/otlp-exporter-base": {
      "version": "0.219.0",
      "resolved": "https://registry.npmjs.org/@opentelemetry/otlp-exporter-base/-/otlp-exporter-base-0.219.0.tgz",
      "integrity": "sha512-zvIxQX/AZUVKDU+hCuYx+7UkiP7GRdnk1ZbFQRYzHvYp47cAWR4j3IhoPhV9KaeXEv2xdGq3IA6PnpzDmLcmSA==",
      "license": "Apache-2.0",
      "peer": true,
      "dependencies": {
        "@opentelemetry/core": "2.8.0",
        "@opentelemetry/otlp-transformer": "0.219.0"
      },
      "engines": {
        "node": "^18.19.0 || >=20.6.0"
      },
      "peerDependencies": {
        "@opentelemetry/api": "^1.3.0"
      }
    },
    "node_modules/@opentelemetry/otlp-transformer": {
      "version": "0.219.0",
      "resolved": "https://registry.npmjs.org/@opentelemetry/otlp-transformer/-/otlp-transformer-0.219.0.tgz",
      "integrity": "sha512-aaYKAyXhw9VchKZVGOopD3Gw/kPsyrX2c6IQ0AW32mTjqmZOh5Y6Gf5OYqTNqVktAeBjmFinhyFaCwW6GYK9YQ==",
      "license": "Apache-2.0",
      "peer": true,
      "dependencies": {
        "@opentelemetry/api-logs": "0.219.0",
        "@opentelemetry/core": "2.8.0",
        "@opentelemetry/resources": "2.8.0",
        "@opentelemetry/sdk-logs": "0.219.0",
        "@opentelemetry/sdk-metrics": "2.8.0",
        "@opentelemetry/sdk-trace-base": "2.8.0"
      },
      "engines": {
        "node": "^18.19.0 || >=20.6.0"
      },
      "peerDependencies": {
        "@opentelemetry/api": "^1.3.0"
      }
    },
    "node_modules/@opentelemetry/resources": {
      "version": "2.8.0",
      "resolved": "https://registry.npmjs.org/@opentelemetry/resources/-/resources-2.8.0.tgz",
      "integrity": "sha512-qmXQ27ilDbUK/vGMqwL8D4/rhn76C+sherM4wTbjlfknR8Nvfc/hCxjRJPhkzZzUsPiNg16SA31NxMabwttRjg==",
      "license": "Apache-2.0",
      "peer": true,
      "dependencies": {
        "@opentelemetry/core": "2.8.0",
        "@opentelemetry/semantic-conventions": "^1.29.0"
      },
      "engines": {
        "node": "^18.19.0 || >=20.6.0"
      },
      "peerDependencies": {
        "@opentelemetry/api": ">=1.3.0 <1.10.0"
      }
    },
    "node_modules/@opentelemetry/sdk-logs": {
      "version": "0.219.0",
      "resolved": "https://registry.npmjs.org/@opentelemetry/sdk-logs/-/sdk-logs-0.219.0.tgz",
      "integrity": "sha512-s6lTKRakaPClvKoWHRChxnXjDMkM/TQ30ff78jN6EBGf7MI7VzANE5PU3f4z9qDUudWjvZjOLHG0rBnBKYvoXA==",
      "license": "Apache-2.0",
      "peer": true,
      "dependencies": {
        "@opentelemetry/api-logs": "0.219.0",
        "@opentelemetry/core": "2.8.0",
        "@opentelemetry/resources": "2.8.0",
        "@opentelemetry/semantic-conventions": "^1.29.0"
      },
      "engines": {
        "node": "^18.19.0 || >=20.6.0"
      },
      "peerDependencies": {
        "@opentelemetry/api": ">=1.4.0 <1.10.0"
      }
    },
    "node_modules/@opentelemetry/sdk-metrics": {
      "version": "2.8.0",
      "resolved": "https://registry.npmjs.org/@opentelemetry/sdk-metrics/-/sdk-metrics-2.8.0.tgz",
      "integrity": "sha512-UDBGaj6W0Rgy5rTTaoxs8gVGF/aGkAKyjurJv7se6wjRxJu7FoquTLT/vt54DZfo4crbprYfhX/SOK9+BPw1qg==",
      "license": "Apache-2.0",
      "peer": true,
      "dependencies": {
        "@opentelemetry/core": "2.8.0",
        "@opentelemetry/resources": "2.8.0"
      },
      "engines": {
        "node": "^18.19.0 || >=20.6.0"
      },
      "peerDependencies": {
        "@opentelemetry/api": ">=1.9.0 <1.10.0"
      }
    },
    "node_modules/@opentelemetry/sdk-trace": {
      "version": "2.11.0",
      "resolved": "https://registry.npmjs.org/@opentelemetry/sdk-trace/-/sdk-trace-2.11.0.tgz",
      "integrity": "sha512-fFnTqGm8/G73GQVnxYi7LXa1ZVYEUvgL6XI1LpvV0bPC7WQ/ZGgKxCSl8FnlZBKto9JHHEFTO6s6CUpvvtwFrA==",
      "license": "Apache-2.0",
      "dependencies": {
        "@opentelemetry/core": "2.11.0",
        "@opentelemetry/resources": "2.11.0",
        "@opentelemetry/semantic-conventions": "^1.29.0"
      },
      "engines": {
        "node": "^18.19.0 || >=20.6.0"
      },
      "peerDependencies": {
        "@opentelemetry/api": ">=1.3.0 <1.10.0"
      }
    },
    "node_modules/@opentelemetry/sdk-trace-base": {
      "version": "2.8.0",
      "resolved": "https://registry.npmjs.org/@opentelemetry/sdk-trace-base/-/sdk-trace-base-2.8.0.tgz",
      "integrity": "sha512-mhU4jp+vW0mGbFRd+GeXHvmfA4aDqWjBjLC3pE5XMpLs0IE2ryYb019Ts2AQrOq67gaTF25D91+fgvEHDZEnuQ==",
      "license": "Apache-2.0",
      "peer": true,
      "dependencies": {
        "@opentelemetry/core": "2.8.0",
        "@opentelemetry/resources": "2.8.0",
        "@opentelemetry/semantic-conventions": "^1.29.0"
      },
      "engines": {
        "node": "^18.19.0 || >=20.6.0"
      },
      "peerDependencies": {
        "@opentelemetry/api": ">=1.3.0 <1.10.0"
      }
    },
    "node_modules/@opentelemetry/sdk-trace-node": {
      "version": "2.11.0",
      "resolved": "https://registry.npmjs.org/@opentelemetry/sdk-trace-node/-/sdk-trace-node-2.11.0.tgz",
      "integrity": "sha512-CuvCMJmZxswhNLlM2LfuLOW3h3fZujA4hsG4B+Sz4dX2zvaXO8Ng74cnDHWD64gLszTlhiG3c0iNUjj4g+0/sA==",
      "license": "Apache-2.0",
      "dependencies": {
        "@opentelemetry/context-async-hooks": "2.11.0",
        "@opentelemetry/core": "2.11.0",
        "@opentelemetry/sdk-trace-base": "2.11.0"
      },
      "engines": {
        "node": "^18.19.0 || >=20.6.0"
      },
      "peerDependencies": {
        "@opentelemetry/api": ">=1.0.0 <1.10.0"
      }
    },
    "node_modules/@opentelemetry/sdk-trace-node/node_modules/@opentelemetry/core": {
      "version": "2.11.0",
      "resolved": "https://registry.npmjs.org/@opentelemetry/core/-/core-2.11.0.tgz",
      "integrity": "sha512-7YP44XH0tV6+Mb54x2YGf84i7yi+31MBZlE8JwvozkxyTvXbSp10X7cI7YE49ChJ3shMJoBmCJF3+1QFBJctGA==",
      "license": "Apache-2.0",
      "dependencies": {
        "@opentelemetry/semantic-conventions": "^1.29.0"
      },
      "engines": {
        "node": "^18.19.0 || >=20.6.0"
      },
      "peerDependencies": {
        "@opentelemetry/api": ">=1.0.0 <1.10.0"
      }
    },
    "node_modules/@opentelemetry/sdk-trace-node/node_modules/@opentelemetry/resources": {
      "version": "2.11.0",
      "resolved": "https://registry.npmjs.org/@opentelemetry/resources/-/resources-2.11.0.tgz",
      "integrity": "sha512-Ie7+8q8MDF4FAEQCKVMTx3ReUvxiIAgIiiW3c9JdmP8+HMcDy20puT+AHjexnExgnbvBxjQ9fjkFDWrikJ2jQA==",
      "license": "Apache-2.0",
      "dependencies": {
        "@opentelemetry/core": "2.11.0",
        "@opentelemetry/semantic-conventions": "^1.29.0"
      },
      "engines": {
        "node": "^18.19.0 || >=20.6.0"
      },
      "peerDependencies": {
        "@opentelemetry/api": ">=1.3.0 <1.10.0"
      }
    },
    "node_modules/@opentelemetry/sdk-trace-node/node_modules/@opentelemetry/sdk-trace-base": {
      "version": "2.11.0",
      "resolved": "https://registry.npmjs.org/@opentelemetry/sdk-trace-base/-/sdk-trace-base-2.11.0.tgz",
      "integrity": "sha512-H19x/TX/LZdqiYOjM7fqtSxwlplC5pgelavqbQdHbhdq0q/AI/TGkM2dfGuuynTXmJPeF2HoZVoPDu+TGoW78A==",
      "license": "Apache-2.0",
      "dependencies": {
        "@opentelemetry/core": "2.11.0",
        "@opentelemetry/resources": "2.11.0",
        "@opentelemetry/sdk-trace": "2.11.0",
        "@opentelemetry/semantic-conventions": "^1.29.0"
      },
      "engines": {
        "node": "^18.19.0 || >=20.6.0"
      },
      "peerDependencies": {
        "@opentelemetry/api": ">=1.3.0 <1.10.0"
      }
    },
    "node_modules/@opentelemetry/sdk-trace/node_modules/@opentelemetry/core": {
      "version": "2.11.0",
      "resolved": "https://registry.npmjs.org/@opentelemetry/core/-/core-2.11.0.tgz",
      "integrity": "sha512-7YP44XH0tV6+Mb54x2YGf84i7yi+31MBZlE8JwvozkxyTvXbSp10X7cI7YE49ChJ3shMJoBmCJF3+1QFBJctGA==",
      "license": "Apache-2.0",
      "dependencies": {
        "@opentelemetry/semantic-conventions": "^1.29.0"
      },
      "engines": {
        "node": "^18.19.0 || >=20.6.0"
      },
      "peerDependencies": {
        "@opentelemetry/api": ">=1.0.0 <1.10.0"
      }
    },
    "node_modules/@opentelemetry/sdk-trace/node_modules/@opentelemetry/resources": {
      "version": "2.11.0",
      "resolved": "https://registry.npmjs.org/@opentelemetry/resources/-/resources-2.11.0.tgz",
      "integrity": "sha512-Ie7+8q8MDF4FAEQCKVMTx3ReUvxiIAgIiiW3c9JdmP8+HMcDy20puT+AHjexnExgnbvBxjQ9fjkFDWrikJ2jQA==",
      "license": "Apache-2.0",
      "dependencies": {
        "@opentelemetry/core": "2.11.0",
        "@opentelemetry/semantic-conventions": "^1.29.0"
      },
      "engines": {
        "node": "^18.19.0 || >=20.6.0"
      },
      "peerDependencies": {
        "@opentelemetry/api": ">=1.3.0 <1.10.0"
      }
    },
    "node_modules/@opentelemetry/semantic-conventions": {
      "version": "1.41.1",
      "resolved": "https://registry.npmjs.org/@opentelemetry/semantic-conventions/-/semantic-conventions-1.41.1.tgz",
      "integrity": "sha512-/UhIkaZgPutTFmQ7RnIJGgDXZmtEJ7Dvi86xNTFWcnRxVRNk/aotsqDJYeEvDP+FSMB2SdW+pQzNMcWP0rwuNA==",
      "license": "Apache-2.0",
      "engines": {
        "node": ">=14"
      }
    }
  }
}
